
Microsoft Visual Studio Solution File, Format Version 12.00
# Visual Studio Version 17
VisualStudioVersion = 17.11.35303.130
MinimumVisualStudioVersion = 10.0.40219.1
Project("{9A19103F-16F7-4668-BE54-9A1E7A4F7556}") = "Exercises_2", "Exercises_2\Exercises_2.csproj", "{922D6E16-236E-4DFD-ABE3-CFF2413F692E}"
EndProject
Project("{9A19103F-16F7-4668-BE54-9A1E7A4F7556}") = "Exercises_1", "Exercises_1\Exercises_1.csproj", "{43F5687D-1ADD-4F8A-80DE-AC6F740634F5}"
EndProject
Global
	GlobalSection(SolutionConfigurationPlatforms) = preSolution
		Debug|Any CPU = Debug|Any CPU
		Release|Any CPU = Release|Any CPU
	EndGlobalSection
	GlobalSection(ProjectConfigurationPlatforms) = postSolution
		{922D6E16-236E-4DFD-ABE3-CFF2413F692E}.Debug|Any CPU.ActiveCfg = Debug|Any CPU
		{922D6E16-236E-4DFD-ABE3-CFF2413F692E}.Debug|Any CPU.Build.0 = Debug|Any CPU
		{922D6E16-236E-4DFD-ABE3-CFF2413F692E}.Release|Any CPU.ActiveCfg = Release|Any CPU
		{922D6E16-236E-4DFD-ABE3-CFF2413F692E}.Release|Any CPU.Build.0 = Release|Any CPU
		{43F5687D-1ADD-4F8A-80DE-AC6F740634F5}.Debug|Any CPU.ActiveCfg = Debug|Any CPU
		{43F5687D-1ADD-4F8A-80DE-AC6F740634F5}.Debug|Any CPU.Build.0 = Debug|Any CPU
		{43F5687D-1ADD-4F8A-80DE-AC6F740634F5}.Release|Any CPU.ActiveCfg = Release|Any CPU
		{43F5687D-1ADD-4F8A-80DE-AC6F740634F5}.Release|Any CPU.Build.0 = Release|Any CPU
	EndGlobalSection
	GlobalSection(SolutionProperties) = preSolution
		HideSolutionNode = FALSE
	EndGlobalSection
	GlobalSection(ExtensibilityGlobals) = postSolution
		SolutionGuid = {6B1349B3-8910-4D25-8D92-4E6B6D6C2EE4}
	EndGlobalSection
EndGlobal
