
Microsoft Visual Studio Solution File, Format Version 12.00
# Visual Studio Version 17
VisualStudioVersion = 17.11.35303.130
MinimumVisualStudioVersion = 10.0.40219.1
Project("{FAE04EC0-301F-11D3-BF4B-00C04F79EFBC}") = "Bank", "Bank\Bank.csproj", "{BD698572-B80C-4894-B50B-478359D4079F}"
EndProject
Global
	GlobalSection(SolutionConfigurationPlatforms) = preSolution
		Debug|Any CPU = Debug|Any CPU
		Release|Any CPU = Release|Any CPU
	EndGlobalSection
	GlobalSection(ProjectConfigurationPlatforms) = postSolution
		{BD698572-B80C-4894-B50B-478359D4079F}.Debug|Any CPU.ActiveCfg = Debug|Any CPU
		{BD698572-B80C-4894-B50B-478359D4079F}.Debug|Any CPU.Build.0 = Debug|Any CPU
		{BD698572-B80C-4894-B50B-478359D4079F}.Release|Any CPU.ActiveCfg = Release|Any CPU
		{BD698572-B80C-4894-B50B-478359D4079F}.Release|Any CPU.Build.0 = Release|Any CPU
	EndGlobalSection
	GlobalSection(SolutionProperties) = preSolution
		HideSolutionNode = FALSE
	EndGlobalSection
	GlobalSection(ExtensibilityGlobals) = postSolution
		SolutionGuid = {22E162E8-4670-4057-94EB-01B741BAD2FB}
	EndGlobalSection
EndGlobal
