
Microsoft Visual Studio Solution File, Format Version 12.00
# Visual Studio Version 17
VisualStudioVersion = 17.12.35527.113 d17.12
MinimumVisualStudioVersion = 10.0.40219.1
Project("{FAE04EC0-301F-11D3-BF4B-00C04F79EFBC}") = "Polymorphism_Exercise", "Polymorphism_Exercise\Polymorphism_Exercise.csproj", "{FFA26A98-1097-4C8C-8BE3-9046445B21A4}"
EndProject
Global
	GlobalSection(SolutionConfigurationPlatforms) = preSolution
		Debug|Any CPU = Debug|Any CPU
		Release|Any CPU = Release|Any CPU
	EndGlobalSection
	GlobalSection(ProjectConfigurationPlatforms) = postSolution
		{FFA26A98-1097-4C8C-8BE3-9046445B21A4}.Debug|Any CPU.ActiveCfg = Debug|Any CPU
		{FFA26A98-1097-4C8C-8BE3-9046445B21A4}.Debug|Any CPU.Build.0 = Debug|Any CPU
		{FFA26A98-1097-4C8C-8BE3-9046445B21A4}.Release|Any CPU.ActiveCfg = Release|Any CPU
		{FFA26A98-1097-4C8C-8BE3-9046445B21A4}.Release|Any CPU.Build.0 = Release|Any CPU
	EndGlobalSection
	GlobalSection(SolutionProperties) = preSolution
		HideSolutionNode = FALSE
	EndGlobalSection
EndGlobal
