
Microsoft Visual Studio Solution File, Format Version 12.00
# Visual Studio Version 17
VisualStudioVersion = 17.11.35327.3
MinimumVisualStudioVersion = 10.0.40219.1
Project("{FAE04EC0-301F-11D3-BF4B-00C04F79EFBC}") = "Thread_ResSusp_Alter", "Thread_ResSusp_Alter\Thread_ResSusp_Alter.csproj", "{3E6A3C9F-6B30-44ED-861C-FD20D92BB075}"
EndProject
Global
	GlobalSection(SolutionConfigurationPlatforms) = preSolution
		Debug|Any CPU = Debug|Any CPU
		Release|Any CPU = Release|Any CPU
	EndGlobalSection
	GlobalSection(ProjectConfigurationPlatforms) = postSolution
		{3E6A3C9F-6B30-44ED-861C-FD20D92BB075}.Debug|Any CPU.ActiveCfg = Debug|Any CPU
		{3E6A3C9F-6B30-44ED-861C-FD20D92BB075}.Debug|Any CPU.Build.0 = Debug|Any CPU
		{3E6A3C9F-6B30-44ED-861C-FD20D92BB075}.Release|Any CPU.ActiveCfg = Release|Any CPU
		{3E6A3C9F-6B30-44ED-861C-FD20D92BB075}.Release|Any CPU.Build.0 = Release|Any CPU
	EndGlobalSection
	GlobalSection(SolutionProperties) = preSolution
		HideSolutionNode = FALSE
	EndGlobalSection
	GlobalSection(ExtensibilityGlobals) = postSolution
		SolutionGuid = {5528049D-37CB-4B3A-AC0D-20557D702880}
	EndGlobalSection
EndGlobal
