
Microsoft Visual Studio Solution File, Format Version 12.00
# Visual Studio Version 17
VisualStudioVersion = 17.11.35327.3
MinimumVisualStudioVersion = 10.0.40219.1
Project("{FAE04EC0-301F-11D3-BF4B-00C04F79EFBC}") = "BasicMath", "BasicMath\BasicMath.csproj", "{5BD11321-24F6-41B3-AA76-3E6E40095B16}"
EndProject
Project("{FAE04EC0-301F-11D3-BF4B-00C04F79EFBC}") = "BasicMathTest", "BasicMathTest\BasicMathTest.csproj", "{C6E9C25D-272E-4391-8D7E-22205D7303B9}"
EndProject
Global
	GlobalSection(SolutionConfigurationPlatforms) = preSolution
		Debug|Any CPU = Debug|Any CPU
		Release|Any CPU = Release|Any CPU
	EndGlobalSection
	GlobalSection(ProjectConfigurationPlatforms) = postSolution
		{5BD11321-24F6-41B3-AA76-3E6E40095B16}.Debug|Any CPU.ActiveCfg = Debug|Any CPU
		{5BD11321-24F6-41B3-AA76-3E6E40095B16}.Debug|Any CPU.Build.0 = Debug|Any CPU
		{5BD11321-24F6-41B3-AA76-3E6E40095B16}.Release|Any CPU.ActiveCfg = Release|Any CPU
		{5BD11321-24F6-41B3-AA76-3E6E40095B16}.Release|Any CPU.Build.0 = Release|Any CPU
		{C6E9C25D-272E-4391-8D7E-22205D7303B9}.Debug|Any CPU.ActiveCfg = Debug|Any CPU
		{C6E9C25D-272E-4391-8D7E-22205D7303B9}.Debug|Any CPU.Build.0 = Debug|Any CPU
		{C6E9C25D-272E-4391-8D7E-22205D7303B9}.Release|Any CPU.ActiveCfg = Release|Any CPU
		{C6E9C25D-272E-4391-8D7E-22205D7303B9}.Release|Any CPU.Build.0 = Release|Any CPU
	EndGlobalSection
	GlobalSection(SolutionProperties) = preSolution
		HideSolutionNode = FALSE
	EndGlobalSection
	GlobalSection(ExtensibilityGlobals) = postSolution
		SolutionGuid = {D94EE440-9438-48DA-A479-DA900E2E3821}
	EndGlobalSection
EndGlobal
