
Microsoft Visual Studio Solution File, Format Version 12.00
# Visual Studio Version 17
VisualStudioVersion = 17.11.35327.3
MinimumVisualStudioVersion = 10.0.40219.1
Project("{FAE04EC0-301F-11D3-BF4B-00C04F79EFBC}") = "BanckAccaunt", "BanckAccaunt\BanckAccaunt.csproj", "{A403E3A1-11C9-4F1E-BECE-0F10634A162F}"
EndProject
Project("{FAE04EC0-301F-11D3-BF4B-00C04F79EFBC}") = "BanckAccauntTest", "BanckAccauntTest\BanckAccauntTest.csproj", "{A7C9FC43-6935-4E47-886F-B6DF2E5821B1}"
EndProject
Global
	GlobalSection(SolutionConfigurationPlatforms) = preSolution
		Debug|Any CPU = Debug|Any CPU
		Release|Any CPU = Release|Any CPU
	EndGlobalSection
	GlobalSection(ProjectConfigurationPlatforms) = postSolution
		{A403E3A1-11C9-4F1E-BECE-0F10634A162F}.Debug|Any CPU.ActiveCfg = Debug|Any CPU
		{A403E3A1-11C9-4F1E-BECE-0F10634A162F}.Debug|Any CPU.Build.0 = Debug|Any CPU
		{A403E3A1-11C9-4F1E-BECE-0F10634A162F}.Release|Any CPU.ActiveCfg = Release|Any CPU
		{A403E3A1-11C9-4F1E-BECE-0F10634A162F}.Release|Any CPU.Build.0 = Release|Any CPU
		{A7C9FC43-6935-4E47-886F-B6DF2E5821B1}.Debug|Any CPU.ActiveCfg = Debug|Any CPU
		{A7C9FC43-6935-4E47-886F-B6DF2E5821B1}.Debug|Any CPU.Build.0 = Debug|Any CPU
		{A7C9FC43-6935-4E47-886F-B6DF2E5821B1}.Release|Any CPU.ActiveCfg = Release|Any CPU
		{A7C9FC43-6935-4E47-886F-B6DF2E5821B1}.Release|Any CPU.Build.0 = Release|Any CPU
	EndGlobalSection
	GlobalSection(SolutionProperties) = preSolution
		HideSolutionNode = FALSE
	EndGlobalSection
	GlobalSection(ExtensibilityGlobals) = postSolution
		SolutionGuid = {26F80109-C121-4277-867D-61482A212AC1}
	EndGlobalSection
EndGlobal
