
Microsoft Visual Studio Solution File, Format Version 12.00
# Visual Studio Version 17
VisualStudioVersion = 17.13.35806.99 d17.13
MinimumVisualStudioVersion = 10.0.40219.1
Project("{FAE04EC0-301F-11D3-BF4B-00C04F79EFBC}") = "Async_Exercise", "Async_Exercise\Async_Exercise.csproj", "{BECA05C9-EF64-4084-897A-91F4361075B5}"
EndProject
Global
	GlobalSection(SolutionConfigurationPlatforms) = preSolution
		Debug|Any CPU = Debug|Any CPU
		Release|Any CPU = Release|Any CPU
	EndGlobalSection
	GlobalSection(ProjectConfigurationPlatforms) = postSolution
		{BECA05C9-EF64-4084-897A-91F4361075B5}.Debug|Any CPU.ActiveCfg = Debug|Any CPU
		{BECA05C9-EF64-4084-897A-91F4361075B5}.Debug|Any CPU.Build.0 = Debug|Any CPU
		{BECA05C9-EF64-4084-897A-91F4361075B5}.Release|Any CPU.ActiveCfg = Release|Any CPU
		{BECA05C9-EF64-4084-897A-91F4361075B5}.Release|Any CPU.Build.0 = Release|Any CPU
	EndGlobalSection
	GlobalSection(SolutionProperties) = preSolution
		HideSolutionNode = FALSE
	EndGlobalSection
	GlobalSection(ExtensibilityGlobals) = postSolution
		SolutionGuid = {7C8389E9-AA2A-4546-972A-611224AC5EED}
	EndGlobalSection
EndGlobal
