
Microsoft Visual Studio Solution File, Format Version 12.00
# Visual Studio Version 17
VisualStudioVersion = 17.11.35312.102
MinimumVisualStudioVersion = 10.0.40219.1
Project("{9A19103F-16F7-4668-BE54-9A1E7A4F7556}") = "HappyBirthday", "HappyBirthday\HappyBirthday.csproj", "{70AD58AA-7C00-4D32-8B20-475B2E4BD754}"
EndProject
Project("{9A19103F-16F7-4668-BE54-9A1E7A4F7556}") = "GymCard", "GymCard\GymCard.csproj", "{0BD8DFFC-4562-45BC-B238-FC1338FC8125}"
EndProject
Project("{9A19103F-16F7-4668-BE54-9A1E7A4F7556}") = "BookStorage", "BookStorage\BookStorage.csproj", "{06C75D95-E3E2-48B9-B7B2-51F359F95ED9}"
EndProject
Project("{FAE04EC0-301F-11D3-BF4B-00C04F79EFBC}") = "TouristShop", "TouristShop\TouristShop.csproj", "{CAEEBC28-6760-4D81-BF69-648178986E4E}"
EndProject
Global
	GlobalSection(SolutionConfigurationPlatforms) = preSolution
		Debug|Any CPU = Debug|Any CPU
		Release|Any CPU = Release|Any CPU
	EndGlobalSection
	GlobalSection(ProjectConfigurationPlatforms) = postSolution
		{70AD58AA-7C00-4D32-8B20-475B2E4BD754}.Debug|Any CPU.ActiveCfg = Debug|Any CPU
		{70AD58AA-7C00-4D32-8B20-475B2E4BD754}.Debug|Any CPU.Build.0 = Debug|Any CPU
		{70AD58AA-7C00-4D32-8B20-475B2E4BD754}.Release|Any CPU.ActiveCfg = Release|Any CPU
		{70AD58AA-7C00-4D32-8B20-475B2E4BD754}.Release|Any CPU.Build.0 = Release|Any CPU
		{0BD8DFFC-4562-45BC-B238-FC1338FC8125}.Debug|Any CPU.ActiveCfg = Debug|Any CPU
		{0BD8DFFC-4562-45BC-B238-FC1338FC8125}.Debug|Any CPU.Build.0 = Debug|Any CPU
		{0BD8DFFC-4562-45BC-B238-FC1338FC8125}.Release|Any CPU.ActiveCfg = Release|Any CPU
		{0BD8DFFC-4562-45BC-B238-FC1338FC8125}.Release|Any CPU.Build.0 = Release|Any CPU
		{06C75D95-E3E2-48B9-B7B2-51F359F95ED9}.Debug|Any CPU.ActiveCfg = Debug|Any CPU
		{06C75D95-E3E2-48B9-B7B2-51F359F95ED9}.Debug|Any CPU.Build.0 = Debug|Any CPU
		{06C75D95-E3E2-48B9-B7B2-51F359F95ED9}.Release|Any CPU.ActiveCfg = Release|Any CPU
		{06C75D95-E3E2-48B9-B7B2-51F359F95ED9}.Release|Any CPU.Build.0 = Release|Any CPU
		{CAEEBC28-6760-4D81-BF69-648178986E4E}.Debug|Any CPU.ActiveCfg = Debug|Any CPU
		{CAEEBC28-6760-4D81-BF69-648178986E4E}.Debug|Any CPU.Build.0 = Debug|Any CPU
		{CAEEBC28-6760-4D81-BF69-648178986E4E}.Release|Any CPU.ActiveCfg = Release|Any CPU
		{CAEEBC28-6760-4D81-BF69-648178986E4E}.Release|Any CPU.Build.0 = Release|Any CPU
	EndGlobalSection
	GlobalSection(SolutionProperties) = preSolution
		HideSolutionNode = FALSE
	EndGlobalSection
	GlobalSection(ExtensibilityGlobals) = postSolution
		SolutionGuid = {AF93BE91-E525-4F5D-A7BB-2D4A1BC21198}
	EndGlobalSection
EndGlobal
