
Microsoft Visual Studio Solution File, Format Version 12.00
# Visual Studio Version 17
VisualStudioVersion = 17.11.35327.3
MinimumVisualStudioVersion = 10.0.40219.1
Project("{FAE04EC0-301F-11D3-BF4B-00C04F79EFBC}") = "Exercise", "Exercise\Exercise.csproj", "{B361688C-F0E5-4028-A0A2-FE0A275291D7}"
EndProject
Global
	GlobalSection(SolutionConfigurationPlatforms) = preSolution
		Debug|Any CPU = Debug|Any CPU
		Release|Any CPU = Release|Any CPU
	EndGlobalSection
	GlobalSection(ProjectConfigurationPlatforms) = postSolution
		{B361688C-F0E5-4028-A0A2-FE0A275291D7}.Debug|Any CPU.ActiveCfg = Debug|Any CPU
		{B361688C-F0E5-4028-A0A2-FE0A275291D7}.Debug|Any CPU.Build.0 = Debug|Any CPU
		{B361688C-F0E5-4028-A0A2-FE0A275291D7}.Release|Any CPU.ActiveCfg = Release|Any CPU
		{B361688C-F0E5-4028-A0A2-FE0A275291D7}.Release|Any CPU.Build.0 = Release|Any CPU
	EndGlobalSection
	GlobalSection(SolutionProperties) = preSolution
		HideSolutionNode = FALSE
	EndGlobalSection
	GlobalSection(ExtensibilityGlobals) = postSolution
		SolutionGuid = {E58F50BA-A2D2-4B7E-9CFB-3C94264A5E95}
	EndGlobalSection
EndGlobal
